// !$*UTF8*$!
{
	archiveVersion = 1;
	classes = {
	};
	objectVersion = 46;
	objects = {

/* Begin PBXBuildFile section */
		0270BBC51F51B6060093E09A /* AppDelegate.swift in Sources */ = {isa = PBXBuildFile; fileRef = 0270BBC41F51B6060093E09A /* AppDelegate.swift */; };
		0270BBCC1F51B6060093E09A /* Assets.xcassets in Resources */ = {isa = PBXBuildFile; fileRef = 0270BBCB1F51B6060093E09A /* Assets.xcassets */; };
		0270BBCF1F51B6060093E09A /* LaunchScreen.storyboard in Resources */ = {isa = PBXBuildFile; fileRef = 0270BBCD1F51B6060093E09A /* LaunchScreen.storyboard */; };
		0270BBE21F51B6290093E09A /* Reach.swift in Sources */ = {isa = PBXBuildFile; fileRef = 0270BBD91F51B6290093E09A /* Reach.swift */; };
		0270BBE31F51B6290093E09A /* ViewController.swift in Sources */ = {isa = PBXBuildFile; fileRef = 0270BBDA1F51B6290093E09A /* ViewController.swift */; };
		0270BBE41F51B6290093E09A /* SettingsViewController.swift in Sources */ = {isa = PBXBuildFile; fileRef = 0270BBDB1F51B6290093E09A /* SettingsViewController.swift */; };
		0270BBE51F51B6290093E09A /* HomeViewController.swift in Sources */ = {isa = PBXBuildFile; fileRef = 0270BBDC1F51B6290093E09A /* HomeViewController.swift */; };
		0270BBE61F51B6290093E09A /* SecondRoomViewController.swift in Sources */ = {isa = PBXBuildFile; fileRef = 0270BBDD1F51B6290093E09A /* SecondRoomViewController.swift */; };
		0270BBE71F51B6290093E09A /* Main.storyboard in Resources */ = {isa = PBXBuildFile; fileRef = 0270BBDE1F51B6290093E09A /* Main.storyboard */; };
/* End PBXBuildFile section */

/* Begin PBXFileReference section */
		0270BBC11F51B6060093E09A /* JTSHA 4.0.app */ = {isa = PBXFileReference; explicitFileType = wrapper.application; includeInIndex = 0; path = "JTSHA 4.0.app"; sourceTree = BUILT_PRODUCTS_DIR; };
		0270BBC41F51B6060093E09A /* AppDelegate.swift */ = {isa = PBXFileReference; lastKnownFileType = sourcecode.swift; path = AppDelegate.swift; sourceTree = "<group>"; };
		0270BBCB1F51B6060093E09A /* Assets.xcassets */ = {isa = PBXFileReference; lastKnownFileType = folder.assetcatalog; path = Assets.xcassets; sourceTree = "<group>"; };
		0270BBCE1F51B6060093E09A /* Base */ = {isa = PBXFileReference; lastKnownFileType = file.storyboard; name = Base; path = Base.lproj/LaunchScreen.storyboard; sourceTree = "<group>"; };
		0270BBD01F51B6060093E09A /* Info.plist */ = {isa = PBXFileReference; lastKnownFileType = text.plist.xml; path = Info.plist; sourceTree = "<group>"; };
		0270BBD91F51B6290093E09A /* Reach.swift */ = {isa = PBXFileReference; fileEncoding = 4; lastKnownFileType = sourcecode.swift; path = Reach.swift; sourceTree = "<group>"; };
		0270BBDA1F51B6290093E09A /* ViewController.swift */ = {isa = PBXFileReference; fileEncoding = 4; lastKnownFileType = sourcecode.swift; path = ViewController.swift; sourceTree = "<group>"; };
		0270BBDB1F51B6290093E09A /* SettingsViewController.swift */ = {isa = PBXFileReference; fileEncoding = 4; lastKnownFileType = sourcecode.swift; path = SettingsViewController.swift; sourceTree = "<group>"; };
		0270BBDC1F51B6290093E09A /* HomeViewController.swift */ = {isa = PBXFileReference; fileEncoding = 4; lastKnownFileType = sourcecode.swift; path = HomeViewController.swift; sourceTree = "<group>"; };
		0270BBDD1F51B6290093E09A /* SecondRoomViewController.swift */ = {isa = PBXFileReference; fileEncoding = 4; lastKnownFileType = sourcecode.swift; path = SecondRoomViewController.swift; sourceTree = "<group>"; };
		0270BBDE1F51B6290093E09A /* Main.storyboard */ = {isa = PBXFileReference; fileEncoding = 4; lastKnownFileType = file.storyboard; path = Main.storyboard; sourceTree = "<group>"; };
		18C1392721E8BF2D009A4C74 /* JTSHA 4.0.entitlements */ = {isa = PBXFileReference; lastKnownFileType = text.plist.entitlements; path = "JTSHA 4.0.entitlements"; sourceTree = "<group>"; };
/* End PBXFileReference section */

/* Begin PBXFrameworksBuildPhase section */
		0270BBBE1F51B6060093E09A /* Frameworks */ = {
			isa = PBXFrameworksBuildPhase;
			buildActionMask = 2147483647;
			files = (
			);
			runOnlyForDeploymentPostprocessing = 0;
		};
/* End PBXFrameworksBuildPhase section */

/* Begin PBXGroup section */
		0270BBB81F51B6060093E09A = {
			isa = PBXGroup;
			children = (
				0270BBC31F51B6060093E09A /* JTSHA 4.0 */,
				0270BBC21F51B6060093E09A /* Products */,
			);
			sourceTree = "<group>";
		};
		0270BBC21F51B6060093E09A /* Products */ = {
			isa = PBXGroup;
			children = (
				0270BBC11F51B6060093E09A /* JTSHA 4.0.app */,
			);
			name = Products;
			sourceTree = "<group>";
		};
		0270BBC31F51B6060093E09A /* JTSHA 4.0 */ = {
			isa = PBXGroup;
			children = (
				18C1392721E8BF2D009A4C74 /* JTSHA 4.0.entitlements */,
				0270BBC41F51B6060093E09A /* AppDelegate.swift */,
				0270BBD91F51B6290093E09A /* Reach.swift */,
				0270BBDA1F51B6290093E09A /* ViewController.swift */,
				0270BBDB1F51B6290093E09A /* SettingsViewController.swift */,
				0270BBDC1F51B6290093E09A /* HomeViewController.swift */,
				0270BBDD1F51B6290093E09A /* SecondRoomViewController.swift */,
				0270BBDE1F51B6290093E09A /* Main.storyboard */,
				0270BBCB1F51B6060093E09A /* Assets.xcassets */,
				0270BBCD1F51B6060093E09A /* LaunchScreen.storyboard */,
				0270BBD01F51B6060093E09A /* Info.plist */,
			);
			path = "JTSHA 4.0";
			sourceTree = "<group>";
		};
/* End PBXGroup section */

/* Begin PBXNativeTarget section */
		0270BBC01F51B6060093E09A /* JTSHA 4.0 */ = {
			isa = PBXNativeTarget;
			buildConfigurationList = 0270BBD31F51B6060093E09A /* Build configuration list for PBXNativeTarget "JTSHA 4.0" */;
			buildPhases = (
				0270BBBD1F51B6060093E09A /* Sources */,
				0270BBBE1F51B6060093E09A /* Frameworks */,
				0270BBBF1F51B6060093E09A /* Resources */,
			);
			buildRules = (
			);
			dependencies = (
			);
			name = "JTSHA 4.0";
			productName = "JTSHA 4.0";
			productReference = 0270BBC11F51B6060093E09A /* JTSHA 4.0.app */;
			productType = "com.apple.product-type.application";
		};
/* End PBXNativeTarget section */

/* Begin PBXProject section */
		0270BBB91F51B6060093E09A /* Project object */ = {
			isa = PBXProject;
			attributes = {
				LastSwiftUpdateCheck = 0830;
				LastUpgradeCheck = 0830;
				ORGANIZATIONNAME = "Jochebed Tech Mac Mini 1";
				TargetAttributes = {
					0270BBC01F51B6060093E09A = {
						CreatedOnToolsVersion = 8.3.3;
						DevelopmentTeam = B66WYGY665;
						ProvisioningStyle = Automatic;
						SystemCapabilities = {
							com.apple.AccessWiFi = {
								enabled = 1;
							};
						};
					};
				};
			};
			buildConfigurationList = 0270BBBC1F51B6060093E09A /* Build configuration list for PBXProject "JTSHA 4.0" */;
			compatibilityVersion = "Xcode 3.2";
			developmentRegion = English;
			hasScannedForEncodings = 0;
			knownRegions = (
				en,
				Base,
			);
			mainGroup = 0270BBB81F51B6060093E09A;
			productRefGroup = 0270BBC21F51B6060093E09A /* Products */;
			projectDirPath = "";
			projectRoot = "";
			targets = (
				0270BBC01F51B6060093E09A /* JTSHA 4.0 */,
			);
		};
/* End PBXProject section */

/* Begin PBXResourcesBuildPhase section */
		0270BBBF1F51B6060093E09A /* Resources */ = {
			isa = PBXResourcesBuildPhase;
			buildActionMask = 2147483647;
			files = (
				0270BBCF1F51B6060093E09A /* LaunchScreen.storyboard in Resources */,
				0270BBCC1F51B6060093E09A /* Assets.xcassets in Resources */,
				0270BBE71F51B6290093E09A /* Main.storyboard in Resources */,
			);
			runOnlyForDeploymentPostprocessing = 0;
		};
/* End PBXResourcesBuildPhase section */

/* Begin PBXSourcesBuildPhase section */
		0270BBBD1F51B6060093E09A /* Sources */ = {
			isa = PBXSourcesBuildPhase;
			buildActionMask = 2147483647;
			files = (
				0270BBE51F51B6290093E09A /* HomeViewController.swift in Sources */,
				0270BBE31F51B6290093E09A /* ViewController.swift in Sources */,
				0270BBC51F51B6060093E09A /* AppDelegate.swift in Sources */,
				0270BBE21F51B6290093E09A /* Reach.swift in Sources */,
				0270BBE41F51B6290093E09A /* SettingsViewController.swift in Sources */,
				0270BBE61F51B6290093E09A /* SecondRoomViewController.swift in Sources */,
			);
			runOnlyForDeploymentPostprocessing = 0;
		};
/* End PBXSourcesBuildPhase section */

/* Begin PBXVariantGroup section */
		0270BBCD1F51B6060093E09A /* LaunchScreen.storyboard */ = {
			isa = PBXVariantGroup;
			children = (
				0270BBCE1F51B6060093E09A /* Base */,
			);
			name = LaunchScreen.storyboard;
			sourceTree = "<group>";
		};
/* End PBXVariantGroup section */

/* Begin XCBuildConfiguration section */
		0270BBD11F51B6060093E09A /* Debug */ = {
			isa = XCBuildConfiguration;
			buildSettings = {
				ALWAYS_SEARCH_USER_PATHS = NO;
				CLANG_ANALYZER_NONNULL = YES;
				CLANG_ANALYZER_NUMBER_OBJECT_CONVERSION = YES_AGGRESSIVE;
				CLANG_CXX_LANGUAGE_STANDARD = "gnu++0x";
				CLANG_CXX_LIBRARY = "libc++";
				CLANG_ENABLE_MODULES = YES;
				CLANG_ENABLE_OBJC_ARC = YES;
				CLANG_WARN_BOOL_CONVERSION = YES;
				CLANG_WARN_CONSTANT_CONVERSION = YES;
				CLANG_WARN_DIRECT_OBJC_ISA_USAGE = YES_ERROR;
				CLANG_WARN_DOCUMENTATION_COMMENTS = YES;
				CLANG_WARN_EMPTY_BODY = YES;
				CLANG_WARN_ENUM_CONVERSION = YES;
				CLANG_WARN_INFINITE_RECURSION = YES;
				CLANG_WARN_INT_CONVERSION = YES;
				CLANG_WARN_OBJC_ROOT_CLASS = YES_ERROR;
				CLANG_WARN_SUSPICIOUS_MOVE = YES;
				CLANG_WARN_UNREACHABLE_CODE = YES;
				CLANG_WARN__DUPLICATE_METHOD_MATCH = YES;
				"CODE_SIGN_IDENTITY[sdk=iphoneos*]" = "iPhone Distribution";
				COPY_PHASE_STRIP = NO;
				DEBUG_INFORMATION_FORMAT = dwarf;
				DEVELOPMENT_TEAM = B66WYGY665;
				ENABLE_STRICT_OBJC_MSGSEND = YES;
				ENABLE_TESTABILITY = YES;
				GCC_C_LANGUAGE_STANDARD = gnu99;
				GCC_DYNAMIC_NO_PIC = NO;
				GCC_NO_COMMON_BLOCKS = YES;
				GCC_OPTIMIZATION_LEVEL = 0;
				GCC_PREPROCESSOR_DEFINITIONS = (
					"DEBUG=1",
					"$(inherited)",
				);
				GCC_WARN_64_TO_32_BIT_CONVERSION = YES;
				GCC_WARN_ABOUT_RETURN_TYPE = YES_ERROR;
				GCC_WARN_UNDECLARED_SELECTOR = YES;
				GCC_WARN_UNINITIALIZED_AUTOS = YES_AGGRESSIVE;
				GCC_WARN_UNUSED_FUNCTION = YES;
				GCC_WARN_UNUSED_VARIABLE = YES;
				IPHONEOS_DEPLOYMENT_TARGET = 10.3;
				MTL_ENABLE_DEBUG_INFO = YES;
				ONLY_ACTIVE_ARCH = YES;
				SDKROOT = iphoneos;
				SWIFT_ACTIVE_COMPILATION_CONDITIONS = DEBUG;
				SWIFT_OPTIMIZATION_LEVEL = "-Onone";
			};
			name = Debug;
		};
		0270BBD21F51B6060093E09A /* Release */ = {
			isa = XCBuildConfiguration;
			buildSettings = {
				ALWAYS_SEARCH_USER_PATHS = NO;
				CLANG_ANALYZER_NONNULL = YES;
				CLANG_ANALYZER_NUMBER_OBJECT_CONVERSION = YES_AGGRESSIVE;
				CLANG_CXX_LANGUAGE_STANDARD = "gnu++0x";
				CLANG_CXX_LIBRARY = "libc++";
				CLANG_ENABLE_MODULES = YES;
				CLANG_ENABLE_OBJC_ARC = YES;
				CLANG_WARN_BOOL_CONVERSION = YES;
				CLANG_WARN_CONSTANT_CONVERSION = YES;
				CLANG_WARN_DIRECT_OBJC_ISA_USAGE = YES_ERROR;
				CLANG_WARN_DOCUMENTATION_COMMENTS = YES;
				CLANG_WARN_EMPTY_BODY = YES;
				CLANG_WARN_ENUM_CONVERSION = YES;
				CLANG_WARN_INFINITE_RECURSION = YES;
				CLANG_WARN_INT_CONVERSION = YES;
				CLANG_WARN_OBJC_ROOT_CLASS = YES_ERROR;
				CLANG_WARN_SUSPICIOUS_MOVE = YES;
				CLANG_WARN_UNREACHABLE_CODE = YES;
				CLANG_WARN__DUPLICATE_METHOD_MATCH = YES;
				"CODE_SIGN_IDENTITY[sdk=iphoneos*]" = "iPhone Distribution";
				COPY_PHASE_STRIP = NO;
				DEBUG_INFORMATION_FORMAT = "dwarf-with-dsym";
				DEVELOPMENT_TEAM = B66WYGY665;
				ENABLE_NS_ASSERTIONS = NO;
				ENABLE_STRICT_OBJC_MSGSEND = YES;
				GCC_C_LANGUAGE_STANDARD = gnu99;
				GCC_NO_COMMON_BLOCKS = YES;
				GCC_WARN_64_TO_32_BIT_CONVERSION = YES;
				GCC_WARN_ABOUT_RETURN_TYPE = YES_ERROR;
				GCC_WARN_UNDECLARED_SELECTOR = YES;
				GCC_WARN_UNINITIALIZED_AUTOS = YES_AGGRESSIVE;
				GCC_WARN_UNUSED_FUNCTION = YES;
				GCC_WARN_UNUSED_VARIABLE = YES;
				IPHONEOS_DEPLOYMENT_TARGET = 10.3;
				MTL_ENABLE_DEBUG_INFO = NO;
				SDKROOT = iphoneos;
				SWIFT_OPTIMIZATION_LEVEL = "-Owholemodule";
				VALIDATE_PRODUCT = YES;
			};
			name = Release;
		};
		0270BBD41F51B6060093E09A /* Debug */ = {
			isa = XCBuildConfiguration;
			buildSettings = {
				ASSETCATALOG_COMPILER_APPICON_NAME = AppIcon;
				CODE_SIGN_ENTITLEMENTS = "JTSHA 4.0/JTSHA 4.0.entitlements";
				CODE_SIGN_IDENTITY = "iPhone Developer";
				"CODE_SIGN_IDENTITY[sdk=iphoneos*]" = "iPhone Developer";
				CODE_SIGN_STYLE = Automatic;
				DEVELOPMENT_TEAM = B66WYGY665;
				INFOPLIST_FILE = "JTSHA 4.0/Info.plist";
				IPHONEOS_DEPLOYMENT_TARGET = 9.0;
				LD_RUNPATH_SEARCH_PATHS = "$(inherited) @executable_path/Frameworks";
				PRODUCT_BUNDLE_IDENTIFIER = com.mahesh.JTSHA4.0;
				PRODUCT_NAME = "$(TARGET_NAME)";
				PROVISIONING_PROFILE_SPECIFIER = "";
				SWIFT_VERSION = 3.0;
				TARGETED_DEVICE_FAMILY = 1;
			};
			name = Debug;
		};
		0270BBD51F51B6060093E09A /* Release */ = {
			isa = XCBuildConfiguration;
			buildSettings = {
				ASSETCATALOG_COMPILER_APPICON_NAME = AppIcon;
				CODE_SIGN_ENTITLEMENTS = "JTSHA 4.0/JTSHA 4.0.entitlements";
				CODE_SIGN_IDENTITY = "iPhone Developer";
				"CODE_SIGN_IDENTITY[sdk=iphoneos*]" = "iPhone Developer";
				CODE_SIGN_STYLE = Automatic;
				DEVELOPMENT_TEAM = B66WYGY665;
				INFOPLIST_FILE = "JTSHA 4.0/Info.plist";
				IPHONEOS_DEPLOYMENT_TARGET = 9.0;
				LD_RUNPATH_SEARCH_PATHS = "$(inherited) @executable_path/Frameworks";
				PRODUCT_BUNDLE_IDENTIFIER = com.mahesh.JTSHA4.0;
				PRODUCT_NAME = "$(TARGET_NAME)";
				PROVISIONING_PROFILE_SPECIFIER = "";
				SWIFT_VERSION = 3.0;
				TARGETED_DEVICE_FAMILY = 1;
			};
			name = Release;
		};
/* End XCBuildConfiguration section */

/* Begin XCConfigurationList section */
		0270BBBC1F51B6060093E09A /* Build configuration list for PBXProject "JTSHA 4.0" */ = {
			isa = XCConfigurationList;
			buildConfigurations = (
				0270BBD11F51B6060093E09A /* Debug */,
				0270BBD21F51B6060093E09A /* Release */,
			);
			defaultConfigurationIsVisible = 0;
			defaultConfigurationName = Release;
		};
		0270BBD31F51B6060093E09A /* Build configuration list for PBXNativeTarget "JTSHA 4.0" */ = {
			isa = XCConfigurationList;
			buildConfigurations = (
				0270BBD41F51B6060093E09A /* Debug */,
				0270BBD51F51B6060093E09A /* Release */,
			);
			defaultConfigurationIsVisible = 0;
			defaultConfigurationName = Release;
		};
/* End XCConfigurationList section */
	};
	rootObject = 0270BBB91F51B6060093E09A /* Project object */;
}
